
Microsoft Visual Studio Solution File, Format Version 12.00
# Visual Studio Version 17
VisualStudioVersion = 17.13.35931.197 d17.13
MinimumVisualStudioVersion = 10.0.40219.1
Project("{FAE04EC0-301F-11D3-BF4B-00C04F79EFBC}") = "InheritanceEncapsulationAndPolymorphism", "InheritanceEncapsulationAndPolymorphism.csproj", "{59C93F50-C88C-45E4-98AE-A5D67FD222DB}"
EndProject
Global
	GlobalSection(SolutionConfigurationPlatforms) = preSolution
		Debug|Any CPU = Debug|Any CPU
		Release|Any CPU = Release|Any CPU
	EndGlobalSection
	GlobalSection(ProjectConfigurationPlatforms) = postSolution
		{59C93F50-C88C-45E4-98AE-A5D67FD222DB}.Debug|Any CPU.ActiveCfg = Debug|Any CPU
		{59C93F50-C88C-45E4-98AE-A5D67FD222DB}.Debug|Any CPU.Build.0 = Debug|Any CPU
		{59C93F50-C88C-45E4-98AE-A5D67FD222DB}.Release|Any CPU.ActiveCfg = Release|Any CPU
		{59C93F50-C88C-45E4-98AE-A5D67FD222DB}.Release|Any CPU.Build.0 = Release|Any CPU
	EndGlobalSection
	GlobalSection(SolutionProperties) = preSolution
		HideSolutionNode = FALSE
	EndGlobalSection
	GlobalSection(ExtensibilityGlobals) = postSolution
		SolutionGuid = {4233A895-8AA2-4070-AE4C-A3A3A591C0F4}
	EndGlobalSection
EndGlobal
